// !$*UTF8*$!
{
	archiveVersion = 1;
	classes = {
	};
	objectVersion = 46;
	objects = {

/* Begin PBXBuildFile section */
		5947D43D1E359F9200B3F684 /* main.m in Sources */ = {isa = PBXBuildFile; fileRef = 5947D43C1E359F9200B3F684 /* main.m */; };
		5947D4401E359F9200B3F684 /* AppDelegate.m in Sources */ = {isa = PBXBuildFile; fileRef = 5947D43F1E359F9200B3F684 /* AppDelegate.m */; };
		5947D4431E359F9200B3F684 /* TipViewController.m in Sources */ = {isa = PBXBuildFile; fileRef = 5947D4421E359F9200B3F684 /* TipViewController.m */; };
		5947D4461E359F9200B3F684 /* Main.storyboard in Resources */ = {isa = PBXBuildFile; fileRef = 5947D4441E359F9200B3F684 /* Main.storyboard */; };
		5947D4481E359F9200B3F684 /* Assets.xcassets in Resources */ = {isa = PBXBuildFile; fileRef = 5947D4471E359F9200B3F684 /* Assets.xcassets */; };
		5947D44B1E359F9200B3F684 /* LaunchScreen.storyboard in Resources */ = {isa = PBXBuildFile; fileRef = 5947D4491E359F9200B3F684 /* LaunchScreen.storyboard */; };
		5947D4541E35BD3B00B3F684 /* SettingsViewController.m in Sources */ = {isa = PBXBuildFile; fileRef = 5947D4531E35BD3B00B3F684 /* SettingsViewController.m */; };
/* End PBXBuildFile section */

/* Begin PBXFileReference section */
		5947D4381E359F9200B3F684 /* tipCalculator.app */ = {isa = PBXFileReference; explicitFileType = wrapper.application; includeInIndex = 0; path = tipCalculator.app; sourceTree = BUILT_PRODUCTS_DIR; };
		5947D43C1E359F9200B3F684 /* main.m */ = {isa = PBXFileReference; lastKnownFileType = sourcecode.c.objc; path = main.m; sourceTree = "<group>"; };
		5947D43E1E359F9200B3F684 /* AppDelegate.h */ = {isa = PBXFileReference; lastKnownFileType = sourcecode.c.h; path = AppDelegate.h; sourceTree = "<group>"; };
		5947D43F1E359F9200B3F684 /* AppDelegate.m */ = {isa = PBXFileReference; lastKnownFileType = sourcecode.c.objc; path = AppDelegate.m; sourceTree = "<group>"; };
		5947D4411E359F9200B3F684 /* TipViewController.h */ = {isa = PBXFileReference; lastKnownFileType = sourcecode.c.h; path = TipViewController.h; sourceTree = "<group>"; };
		5947D4421E359F9200B3F684 /* TipViewController.m */ = {isa = PBXFileReference; lastKnownFileType = sourcecode.c.objc; path = TipViewController.m; sourceTree = "<group>"; };
		5947D4451E359F9200B3F684 /* Base */ = {isa = PBXFileReference; lastKnownFileType = file.storyboard; name = Base; path = Base.lproj/Main.storyboard; sourceTree = "<group>"; };
		5947D4471E359F9200B3F684 /* Assets.xcassets */ = {isa = PBXFileReference; lastKnownFileType = folder.assetcatalog; path = Assets.xcassets; sourceTree = "<group>"; };
		5947D44A1E359F9200B3F684 /* Base */ = {isa = PBXFileReference; lastKnownFileType = file.storyboard; name = Base; path = Base.lproj/LaunchScreen.storyboard; sourceTree = "<group>"; };
		5947D44C1E359F9200B3F684 /* Info.plist */ = {isa = PBXFileReference; lastKnownFileType = text.plist.xml; path = Info.plist; sourceTree = "<group>"; };
		5947D4521E35BD3B00B3F684 /* SettingsViewController.h */ = {isa = PBXFileReference; fileEncoding = 4; lastKnownFileType = sourcecode.c.h; path = SettingsViewController.h; sourceTree = "<group>"; };
		5947D4531E35BD3B00B3F684 /* SettingsViewController.m */ = {isa = PBXFileReference; fileEncoding = 4; lastKnownFileType = sourcecode.c.objc; path = SettingsViewController.m; sourceTree = "<group>"; };
/* End PBXFileReference section */

/* Begin PBXFrameworksBuildPhase section */
		5947D4351E359F9200B3F684 /* Frameworks */ = {
			isa = PBXFrameworksBuildPhase;
			buildActionMask = 2147483647;
			files = (
			);
			runOnlyForDeploymentPostprocessing = 0;
		};
/* End PBXFrameworksBuildPhase section */

/* Begin PBXGroup section */
		5947D42F1E359F9200B3F684 = {
			isa = PBXGroup;
			children = (
				5947D43A1E359F9200B3F684 /* tipCalculator */,
				5947D4391E359F9200B3F684 /* Products */,
			);
			sourceTree = "<group>";
		};
		5947D4391E359F9200B3F684 /* Products */ = {
			isa = PBXGroup;
			children = (
				5947D4381E359F9200B3F684 /* tipCalculator.app */,
			);
			name = Products;
			sourceTree = "<group>";
		};
		5947D43A1E359F9200B3F684 /* tipCalculator */ = {
			isa = PBXGroup;
			children = (
				5947D43E1E359F9200B3F684 /* AppDelegate.h */,
				5947D43F1E359F9200B3F684 /* AppDelegate.m */,
				5947D4411E359F9200B3F684 /* TipViewController.h */,
				5947D4421E359F9200B3F684 /* TipViewController.m */,
				5947D4441E359F9200B3F684 /* Main.storyboard */,
				5947D4471E359F9200B3F684 /* Assets.xcassets */,
				5947D4491E359F9200B3F684 /* LaunchScreen.storyboard */,
				5947D44C1E359F9200B3F684 /* Info.plist */,
				5947D43B1E359F9200B3F684 /* Supporting Files */,
				5947D4521E35BD3B00B3F684 /* SettingsViewController.h */,
				5947D4531E35BD3B00B3F684 /* SettingsViewController.m */,
			);
			path = tipCalculator;
			sourceTree = "<group>";
		};
		5947D43B1E359F9200B3F684 /* Supporting Files */ = {
			isa = PBXGroup;
			children = (
				5947D43C1E359F9200B3F684 /* main.m */,
			);
			name = "Supporting Files";
			sourceTree = "<group>";
		};
/* End PBXGroup section */

/* Begin PBXNativeTarget section */
		5947D4371E359F9200B3F684 /* tipCalculator */ = {
			isa = PBXNativeTarget;
			buildConfigurationList = 5947D44F1E359F9200B3F684 /* Build configuration list for PBXNativeTarget "tipCalculator" */;
			buildPhases = (
				5947D4341E359F9200B3F684 /* Sources */,
				5947D4351E359F9200B3F684 /* Frameworks */,
				5947D4361E359F9200B3F684 /* Resources */,
			);
			buildRules = (
			);
			dependencies = (
			);
			name = tipCalculator;
			productName = tipCalculator;
			productReference = 5947D4381E359F9200B3F684 /* tipCalculator.app */;
			productType = "com.apple.product-type.application";
		};
/* End PBXNativeTarget section */

/* Begin PBXProject section */
		5947D4301E359F9200B3F684 /* Project object */ = {
			isa = PBXProject;
			attributes = {
				LastUpgradeCheck = 0820;
				ORGANIZATIONNAME = " Santosh Sharanappa Mandi";
				TargetAttributes = {
					5947D4371E359F9200B3F684 = {
						CreatedOnToolsVersion = 8.2.1;
						ProvisioningStyle = Automatic;
					};
				};
			};
			buildConfigurationList = 5947D4331E359F9200B3F684 /* Build configuration list for PBXProject "tipCalculator" */;
			compatibilityVersion = "Xcode 3.2";
			developmentRegion = English;
			hasScannedForEncodings = 0;
			knownRegions = (
				en,
				Base,
			);
			mainGroup = 5947D42F1E359F9200B3F684;
			productRefGroup = 5947D4391E359F9200B3F684 /* Products */;
			projectDirPath = "";
			projectRoot = "";
			targets = (
				5947D4371E359F9200B3F684 /* tipCalculator */,
			);
		};
/* End PBXProject section */

/* Begin PBXResourcesBuildPhase section */
		5947D4361E359F9200B3F684 /* Resources */ = {
			isa = PBXResourcesBuildPhase;
			buildActionMask = 2147483647;
			files = (
				5947D44B1E359F9200B3F684 /* LaunchScreen.storyboard in Resources */,
				5947D4481E359F9200B3F684 /* Assets.xcassets in Resources */,
				5947D4461E359F9200B3F684 /* Main.storyboard in Resources */,
			);
			runOnlyForDeploymentPostprocessing = 0;
		};
/* End PBXResourcesBuildPhase section */

/* Begin PBXSourcesBuildPhase section */
		5947D4341E359F9200B3F684 /* Sources */ = {
			isa = PBXSourcesBuildPhase;
			buildActionMask = 2147483647;
			files = (
				5947D4431E359F9200B3F684 /* TipViewController.m in Sources */,
				5947D4401E359F9200B3F684 /* AppDelegate.m in Sources */,
				5947D43D1E359F9200B3F684 /* main.m in Sources */,
				5947D4541E35BD3B00B3F684 /* SettingsViewController.m in Sources */,
			);
			runOnlyForDeploymentPostprocessing = 0;
		};
/* End PBXSourcesBuildPhase section */

/* Begin PBXVariantGroup section */
		5947D4441E359F9200B3F684 /* Main.storyboard */ = {
			isa = PBXVariantGroup;
			children = (
				5947D4451E359F9200B3F684 /* Base */,
			);
			name = Main.storyboard;
			sourceTree = "<group>";
		};
		5947D4491E359F9200B3F684 /* LaunchScreen.storyboard */ = {
			isa = PBXVariantGroup;
			children = (
				5947D44A1E359F9200B3F684 /* Base */,
			);
			name = LaunchScreen.storyboard;
			sourceTree = "<group>";
		};
/* End PBXVariantGroup section */

/* Begin XCBuildConfiguration section */
		5947D44D1E359F9200B3F684 /* Debug */ = {
			isa = XCBuildConfiguration;
			buildSettings = {
				ALWAYS_SEARCH_USER_PATHS = NO;
				CLANG_ANALYZER_NONNULL = YES;
				CLANG_CXX_LANGUAGE_STANDARD = "gnu++0x";
				CLANG_CXX_LIBRARY = "libc++";
				CLANG_ENABLE_MODULES = YES;
				CLANG_ENABLE_OBJC_ARC = YES;
				CLANG_WARN_BOOL_CONVERSION = YES;
				CLANG_WARN_CONSTANT_CONVERSION = YES;
				CLANG_WARN_DIRECT_OBJC_ISA_USAGE = YES_ERROR;
				CLANG_WARN_DOCUMENTATION_COMMENTS = YES;
				CLANG_WARN_EMPTY_BODY = YES;
				CLANG_WARN_ENUM_CONVERSION = YES;
				CLANG_WARN_INFINITE_RECURSION = YES;
				CLANG_WARN_INT_CONVERSION = YES;
				CLANG_WARN_OBJC_ROOT_CLASS = YES_ERROR;
				CLANG_WARN_SUSPICIOUS_MOVE = YES;
				CLANG_WARN_UNREACHABLE_CODE = YES;
				CLANG_WARN__DUPLICATE_METHOD_MATCH = YES;
				"CODE_SIGN_IDENTITY[sdk=iphoneos*]" = "iPhone Developer";
				COPY_PHASE_STRIP = NO;
				DEBUG_INFORMATION_FORMAT = dwarf;
				ENABLE_STRICT_OBJC_MSGSEND = YES;
				ENABLE_TESTABILITY = YES;
				GCC_C_LANGUAGE_STANDARD = gnu99;
				GCC_DYNAMIC_NO_PIC = NO;
				GCC_NO_COMMON_BLOCKS = YES;
				GCC_OPTIMIZATION_LEVEL = 0;
				GCC_PREPROCESSOR_DEFINITIONS = (
					"DEBUG=1",
					"$(inherited)",
				);
				GCC_WARN_64_TO_32_BIT_CONVERSION = YES;
				GCC_WARN_ABOUT_RETURN_TYPE = YES_ERROR;
				GCC_WARN_UNDECLARED_SELECTOR = YES;
				GCC_WARN_UNINITIALIZED_AUTOS = YES_AGGRESSIVE;
				GCC_WARN_UNUSED_FUNCTION = YES;
				GCC_WARN_UNUSED_VARIABLE = YES;
				IPHONEOS_DEPLOYMENT_TARGET = 10.2;
				MTL_ENABLE_DEBUG_INFO = YES;
				ONLY_ACTIVE_ARCH = YES;
				SDKROOT = iphoneos;
				TARGETED_DEVICE_FAMILY = "1,2";
			};
			name = Debug;
		};
		5947D44E1E359F9200B3F684 /* Release */ = {
			isa = XCBuildConfiguration;
			buildSettings = {
				ALWAYS_SEARCH_USER_PATHS = NO;
				CLANG_ANALYZER_NONNULL = YES;
				CLANG_CXX_LANGUAGE_STANDARD = "gnu++0x";
				CLANG_CXX_LIBRARY = "libc++";
				CLANG_ENABLE_MODULES = YES;
				CLANG_ENABLE_OBJC_ARC = YES;
				CLANG_WARN_BOOL_CONVERSION = YES;
				CLANG_WARN_CONSTANT_CONVERSION = YES;
				CLANG_WARN_DIRECT_OBJC_ISA_USAGE = YES_ERROR;
				CLANG_WARN_DOCUMENTATION_COMMENTS = YES;
				CLANG_WARN_EMPTY_BODY = YES;
				CLANG_WARN_ENUM_CONVERSION = YES;
				CLANG_WARN_INFINITE_RECURSION = YES;
				CLANG_WARN_INT_CONVERSION = YES;
				CLANG_WARN_OBJC_ROOT_CLASS = YES_ERROR;
				CLANG_WARN_SUSPICIOUS_MOVE = YES;
				CLANG_WARN_UNREACHABLE_CODE = YES;
				CLANG_WARN__DUPLICATE_METHOD_MATCH = YES;
				"CODE_SIGN_IDENTITY[sdk=iphoneos*]" = "iPhone Developer";
				COPY_PHASE_STRIP = NO;
				DEBUG_INFORMATION_FORMAT = "dwarf-with-dsym";
				ENABLE_NS_ASSERTIONS = NO;
				ENABLE_STRICT_OBJC_MSGSEND = YES;
				GCC_C_LANGUAGE_STANDARD = gnu99;
				GCC_NO_COMMON_BLOCKS = YES;
				GCC_WARN_64_TO_32_BIT_CONVERSION = YES;
				GCC_WARN_ABOUT_RETURN_TYPE = YES_ERROR;
				GCC_WARN_UNDECLARED_SELECTOR = YES;
				GCC_WARN_UNINITIALIZED_AUTOS = YES_AGGRESSIVE;
				GCC_WARN_UNUSED_FUNCTION = YES;
				GCC_WARN_UNUSED_VARIABLE = YES;
				IPHONEOS_DEPLOYMENT_TARGET = 10.2;
				MTL_ENABLE_DEBUG_INFO = NO;
				SDKROOT = iphoneos;
				TARGETED_DEVICE_FAMILY = "1,2";
				VALIDATE_PRODUCT = YES;
			};
			name = Release;
		};
		5947D4501E359F9200B3F684 /* Debug */ = {
			isa = XCBuildConfiguration;
			buildSettings = {
				ASSETCATALOG_COMPILER_APPICON_NAME = AppIcon;
				INFOPLIST_FILE = tipCalculator/Info.plist;
				LD_RUNPATH_SEARCH_PATHS = "$(inherited) @executable_path/Frameworks";
				PRODUCT_BUNDLE_IDENTIFIER = com.codepath.tipCalculator;
				PRODUCT_NAME = "$(TARGET_NAME)";
			};
			name = Debug;
		};
		5947D4511E359F9200B3F684 /* Release */ = {
			isa = XCBuildConfiguration;
			buildSettings = {
				ASSETCATALOG_COMPILER_APPICON_NAME = AppIcon;
				INFOPLIST_FILE = tipCalculator/Info.plist;
				LD_RUNPATH_SEARCH_PATHS = "$(inherited) @executable_path/Frameworks";
				PRODUCT_BUNDLE_IDENTIFIER = com.codepath.tipCalculator;
				PRODUCT_NAME = "$(TARGET_NAME)";
			};
			name = Release;
		};
/* End XCBuildConfiguration section */

/* Begin XCConfigurationList section */
		5947D4331E359F9200B3F684 /* Build configuration list for PBXProject "tipCalculator" */ = {
			isa = XCConfigurationList;
			buildConfigurations = (
				5947D44D1E359F9200B3F684 /* Debug */,
				5947D44E1E359F9200B3F684 /* Release */,
			);
			defaultConfigurationIsVisible = 0;
			defaultConfigurationName = Release;
		};
		5947D44F1E359F9200B3F684 /* Build configuration list for PBXNativeTarget "tipCalculator" */ = {
			isa = XCConfigurationList;
			buildConfigurations = (
				5947D4501E359F9200B3F684 /* Debug */,
				5947D4511E359F9200B3F684 /* Release */,
			);
			defaultConfigurationIsVisible = 0;
		};
/* End XCConfigurationList section */
	};
	rootObject = 5947D4301E359F9200B3F684 /* Project object */;
}
